{
    "_meta": {
        "hash": {
            "sha256": "a9f718f62ca5337df984cbd3f75a070c72d489e0ae6362f4f40ebf830dfaac78"
        },
        "pipfile-spec": 6,
        "requires": {
            "python_version": "3.11"
        },
        "sources": [
            {
                "name": "pypi",
                "url": "https://pypi.org/simple",
                "verify_ssl": true
            }
        ]
    },
    "default": {
        "babel": {
            "hashes": [
                "sha256:b4246fb7677d3b98f501a39d43396d3cafdc8eadb045f4a31be01863f655c610",
                "sha256:cc2d99999cd01d44420ae725a21c9e3711b3aadc7976d6147f622d8581963455"
            ],
            "index": "pypi",
            "version": "==2.12.1"
        }
    },
    "develop": {}
}
