{
    "_meta": {
        "hash": {
            "sha256": "51d96a535b45ee5df8c1c5f7ccf4a62942e6519addb32758dfc508924f2cc813"
        },
        "pipfile-spec": 6,
        "requires": {
            "python_version": "3.11"
        },
        "sources": [
            {
                "name": "pypi",
                "url": "https://pypi.org/simple",
                "verify_ssl": true
            }
        ]
    },
    "default": {
        "babel": {
            "hashes": [
                "sha256:b4246fb7677d3b98f501a39d43396d3cafdc8eadb045f4a31be01863f655c610",
                "sha256:cc2d99999cd01d44420ae725a21c9e3711b3aadc7976d6147f622d8581963455"
            ],
            "index": "pypi",
            "version": "==2.12.1"
        },
        "cloudpickle": {
            "hashes": [
                "sha256:61f594d1f4c295fa5cd9014ceb3a1fc4a70b0de1164b94fbc2d854ccba056f9f",
                "sha256:d89684b8de9e34a2a43b3460fbca07d09d6e25ce858df4d5a44240403b6178f5"
            ],
            "markers": "python_version >= '3.6'",
            "version": "==2.2.1"
        },
        "doit": {
            "hashes": [
                "sha256:71d07ccc9514cb22fe59d98999577665eaab57e16f644d04336ae0b4bae234bc",
                "sha256:ebc285f6666871b5300091c26eafdff3de968a6bd60ea35dd1e3fc6f2e32479a"
            ],
            "index": "pypi",
            "version": "==0.36.0"
        },
        "importlib-metadata": {
            "hashes": [
                "sha256:43dd286a2cd8995d5eaef7fee2066340423b818ed3fd70adf0bad5f1fac53fed",
                "sha256:92501cdf9cc66ebd3e612f1b4f0c0765dfa42f0fa38ffb319b6bd84dd675d705"
            ],
            "markers": "python_version >= '3.7'",
            "version": "==6.6.0"
        },
        "pybabel": {
            "hashes": [
                "sha256:166c7e42cc72c7decfefe5ae11b66fb2d59de95f459f47e2a2bc9075f91d3eaa",
                "sha256:deaa10e9b6c841a865f3698ec23fd77276bfc44efb3c602b4213e314ac712bf3"
            ],
            "index": "pypi",
            "version": "==0.0.0.dev0"
        },
        "zipp": {
            "hashes": [
                "sha256:112929ad649da941c23de50f356a2b5570c954b65150642bccdd66bf194d224b",
                "sha256:48904fc76a60e542af151aded95726c1a5c34ed43ab4134b597665c86d7ad556"
            ],
            "markers": "python_version >= '3.7'",
            "version": "==3.15.0"
        }
    },
    "develop": {}
}
