{
    "_meta": {
        "hash": {
            "sha256": "91e842ca0c07918283bfbda1cdf4c7ecc52378c7a28208ffe8567069dc0e04fa"
        },
        "pipfile-spec": 6,
        "requires": {
            "python_version": "3.10"
        },
        "sources": [
            {
                "name": "pypi",
                "url": "https://pypi.org/simple",
                "verify_ssl": true
            }
        ]
    },
    "default": {
        "python-cowsay": {
            "hashes": [
                "sha256:d09bb77229f52bb8cd21e1c1722fa442c1eab6fbc750ef1afbdaa54869d08712",
                "sha256:fecb83cc2e73bbca970aa1e46c2fa3cb4ff94184e1f2d5b2713bd2775c8abb87"
            ],
            "index": "pypi",
            "version": "==1.0.1"
        }
    },
    "develop": {}
}
